
Microsoft Visual Studio Solution File, Format Version 12.00
# Visual Studio Version 16
VisualStudioVersion = 16.0.31702.278
MinimumVisualStudioVersion = 10.0.40219.1
Project("{FAE04EC0-301F-11D3-BF4B-00C04F79EFBC}") = "Alqoritm kod 1", "Alqoritm kod 1\Alqoritm kod 1.csproj", "{4F4B7883-F9A2-4519-8E04-8BDE09679D98}"
EndProject
Project("{2150E333-8FDC-42A3-9474-1A3956D46DE8}") = "Solution Items", "Solution Items", "{4C4543BA-39F6-4AB4-A19A-46C8D74023D8}"
	ProjectSection(SolutionItems) = preProject
		.editorconfig = .editorconfig
	EndProjectSection
EndProject
Global
	GlobalSection(SolutionConfigurationPlatforms) = preSolution
		Debug|Any CPU = Debug|Any CPU
		Release|Any CPU = Release|Any CPU
	EndGlobalSection
	GlobalSection(ProjectConfigurationPlatforms) = postSolution
		{4F4B7883-F9A2-4519-8E04-8BDE09679D98}.Debug|Any CPU.ActiveCfg = Debug|Any CPU
		{4F4B7883-F9A2-4519-8E04-8BDE09679D98}.Debug|Any CPU.Build.0 = Debug|Any CPU
		{4F4B7883-F9A2-4519-8E04-8BDE09679D98}.Release|Any CPU.ActiveCfg = Release|Any CPU
		{4F4B7883-F9A2-4519-8E04-8BDE09679D98}.Release|Any CPU.Build.0 = Release|Any CPU
	EndGlobalSection
	GlobalSection(SolutionProperties) = preSolution
		HideSolutionNode = FALSE
	EndGlobalSection
	GlobalSection(ExtensibilityGlobals) = postSolution
		SolutionGuid = {7953175B-E143-4164-B530-B2E237B00FA6}
	EndGlobalSection
EndGlobal
